{
  "name": "werewolf",
  "version": "1.0.1",
  "lockfileVersion": 2,
  "requires": true,
  "packages": {
    "": {
      "name": "werewolf",
      "version": "1.0.1",
      "license": "ISC",
      "dependencies": {
        "eris": "^0.14.0",
        "void-list": "^1.0.3"
      }
    },
    "node_modules/eris": {
      "version": "0.14.1",
      "resolved": "https://registry.npmjs.org/eris/-/eris-0.14.1.tgz",
      "integrity": "sha512-81ThxLyt1Lzf7QvrcgKEVNME3tOrKerxYUDfNSyNmyOUfXa5mUkRYRtBNgDDAWrQcYC/SlnWopsfrkUgVWhDag==",
      "dependencies": {
        "ws": "^7.2.1"
      },
      "engines": {
        "node": ">=8.0.0"
      },
      "optionalDependencies": {
        "opusscript": "^0.0.7",
        "tweetnacl": "^1.0.1"
      }
    },
    "node_modules/opusscript": {
      "version": "0.0.7",
      "resolved": "https://registry.npmjs.org/opusscript/-/opusscript-0.0.7.tgz",
      "integrity": "sha512-DcBadTdYTUuH9zQtepsLjQn4Ll6rs3dmeFvN+SD0ThPnxRBRm/WC1zXWPg+wgAJimB784gdZvUMA57gDP7FdVg==",
      "optional": true
    },
    "node_modules/tweetnacl": {
      "version": "1.0.3",
      "resolved": "https://registry.npmjs.org/tweetnacl/-/tweetnacl-1.0.3.tgz",
      "integrity": "sha512-6rt+RN7aOi1nGMyC4Xa5DdYiukl2UWCbcJft7YhxReBGQD7OAM8Pbxw6YMo4r2diNEA8FEmu32YOn9rhaiE5yw==",
      "optional": true
    },
    "node_modules/void-list": {
      "version": "1.0.3",
      "resolved": "https://registry.npmjs.org/void-list/-/void-list-1.0.3.tgz",
      "integrity": "sha512-YY+4MSvTONe4CiV3j6qWPwqDH3UY9nT5YsGyLSERqFe4+kvAxp5Q5qD40mok81D9Jc6tiq4gkArqwUCTcAyoWA=="
    },
    "node_modules/ws": {
      "version": "7.5.6",
      "resolved": "https://registry.npmjs.org/ws/-/ws-7.5.6.tgz",
      "integrity": "sha512-6GLgCqo2cy2A2rjCNFlxQS6ZljG/coZfZXclldI8FB/1G3CCI36Zd8xy2HrFVACi8tfk5XrgLQEk+P0Tnz9UcA==",
      "engines": {
        "node": ">=8.3.0"
      },
      "peerDependencies": {
        "bufferutil": "^4.0.1",
        "utf-8-validate": "^5.0.2"
      },
      "peerDependenciesMeta": {
        "bufferutil": {
          "optional": true
        },
        "utf-8-validate": {
          "optional": true
        }
      }
    }
  },
  "dependencies": {
    "eris": {
      "version": "0.14.1",
      "resolved": "https://registry.npmjs.org/eris/-/eris-0.14.1.tgz",
      "integrity": "sha512-81ThxLyt1Lzf7QvrcgKEVNME3tOrKerxYUDfNSyNmyOUfXa5mUkRYRtBNgDDAWrQcYC/SlnWopsfrkUgVWhDag==",
      "requires": {
        "opusscript": "^0.0.7",
        "tweetnacl": "^1.0.1",
        "ws": "^7.2.1"
      }
    },
    "opusscript": {
      "version": "0.0.7",
      "resolved": "https://registry.npmjs.org/opusscript/-/opusscript-0.0.7.tgz",
      "integrity": "sha512-DcBadTdYTUuH9zQtepsLjQn4Ll6rs3dmeFvN+SD0ThPnxRBRm/WC1zXWPg+wgAJimB784gdZvUMA57gDP7FdVg==",
      "optional": true
    },
    "tweetnacl": {
      "version": "1.0.3",
      "resolved": "https://registry.npmjs.org/tweetnacl/-/tweetnacl-1.0.3.tgz",
      "integrity": "sha512-6rt+RN7aOi1nGMyC4Xa5DdYiukl2UWCbcJft7YhxReBGQD7OAM8Pbxw6YMo4r2diNEA8FEmu32YOn9rhaiE5yw==",
      "optional": true
    },
    "void-list": {
      "version": "1.0.3",
      "resolved": "https://registry.npmjs.org/void-list/-/void-list-1.0.3.tgz",
      "integrity": "sha512-YY+4MSvTONe4CiV3j6qWPwqDH3UY9nT5YsGyLSERqFe4+kvAxp5Q5qD40mok81D9Jc6tiq4gkArqwUCTcAyoWA=="
    },
    "ws": {
      "version": "7.5.6",
      "resolved": "https://registry.npmjs.org/ws/-/ws-7.5.6.tgz",
      "integrity": "sha512-6GLgCqo2cy2A2rjCNFlxQS6ZljG/coZfZXclldI8FB/1G3CCI36Zd8xy2HrFVACi8tfk5XrgLQEk+P0Tnz9UcA==",
      "requires": {}
    }
  }
}
